
Microsoft Visual Studio Solution File, Format Version 12.00
# Visual Studio 15
VisualStudioVersion = 15.0.26124.0
MinimumVisualStudioVersion = 15.0.26124.0
Project("{2150E333-8FDC-42A3-9474-1A3956D46DE8}") = "src", "src", "{95989642-30D8-41BE-A631-AE5E0D5F4F61}"
EndProject
Project("{FAE04EC0-301F-11D3-BF4B-00C04F79EFBC}") = "Boilerplate.Api", "src\Boilerplate.Api\Boilerplate.Api.csproj", "{BEB9F12A-00AA-4841-981F-C14C05CF5928}"
EndProject
Project("{FAE04EC0-301F-11D3-BF4B-00C04F79EFBC}") = "Boilerplate.Core", "src\Boilerplate.Core\Boilerplate.Core.csproj", "{CF5E9504-3944-4E0B-B8C5-378C2D88FFCE}"
EndProject
Project("{2150E333-8FDC-42A3-9474-1A3956D46DE8}") = "test", "test", "{A83C9D36-07C3-493B-A51B-B5FE29010DE0}"
EndProject
Project("{FAE04EC0-301F-11D3-BF4B-00C04F79EFBC}") = "Boilerplate.Api.Tests", "test\Boilerplate.Api.Tests\Boilerplate.Api.Tests.csproj", "{D627B684-0C5D-4C19-9EF4-977BAC2C2085}"
EndProject
Project("{FAE04EC0-301F-11D3-BF4B-00C04F79EFBC}") = "Boilerplate.Core.Tests", "test\Boilerplate.Core.Tests\Boilerplate.Core.Tests.csproj", "{0AF2D213-BD43-4C06-AA83-CB616399637F}"
EndProject
Global
	GlobalSection(SolutionConfigurationPlatforms) = preSolution
		Debug|Any CPU = Debug|Any CPU
		Debug|x64 = Debug|x64
		Debug|x86 = Debug|x86
		Release|Any CPU = Release|Any CPU
		Release|x64 = Release|x64
		Release|x86 = Release|x86
	EndGlobalSection
	GlobalSection(SolutionProperties) = preSolution
		HideSolutionNode = FALSE
	EndGlobalSection
	GlobalSection(ProjectConfigurationPlatforms) = postSolution
		{BEB9F12A-00AA-4841-981F-C14C05CF5928}.Debug|Any CPU.ActiveCfg = Debug|Any CPU
		{BEB9F12A-00AA-4841-981F-C14C05CF5928}.Debug|Any CPU.Build.0 = Debug|Any CPU
		{BEB9F12A-00AA-4841-981F-C14C05CF5928}.Debug|x64.ActiveCfg = Debug|Any CPU
		{BEB9F12A-00AA-4841-981F-C14C05CF5928}.Debug|x64.Build.0 = Debug|Any CPU
		{BEB9F12A-00AA-4841-981F-C14C05CF5928}.Debug|x86.ActiveCfg = Debug|Any CPU
		{BEB9F12A-00AA-4841-981F-C14C05CF5928}.Debug|x86.Build.0 = Debug|Any CPU
		{BEB9F12A-00AA-4841-981F-C14C05CF5928}.Release|Any CPU.ActiveCfg = Release|Any CPU
		{BEB9F12A-00AA-4841-981F-C14C05CF5928}.Release|Any CPU.Build.0 = Release|Any CPU
		{BEB9F12A-00AA-4841-981F-C14C05CF5928}.Release|x64.ActiveCfg = Release|Any CPU
		{BEB9F12A-00AA-4841-981F-C14C05CF5928}.Release|x64.Build.0 = Release|Any CPU
		{BEB9F12A-00AA-4841-981F-C14C05CF5928}.Release|x86.ActiveCfg = Release|Any CPU
		{BEB9F12A-00AA-4841-981F-C14C05CF5928}.Release|x86.Build.0 = Release|Any CPU
		{CF5E9504-3944-4E0B-B8C5-378C2D88FFCE}.Debug|Any CPU.ActiveCfg = Debug|Any CPU
		{CF5E9504-3944-4E0B-B8C5-378C2D88FFCE}.Debug|Any CPU.Build.0 = Debug|Any CPU
		{CF5E9504-3944-4E0B-B8C5-378C2D88FFCE}.Debug|x64.ActiveCfg = Debug|Any CPU
		{CF5E9504-3944-4E0B-B8C5-378C2D88FFCE}.Debug|x64.Build.0 = Debug|Any CPU
		{CF5E9504-3944-4E0B-B8C5-378C2D88FFCE}.Debug|x86.ActiveCfg = Debug|Any CPU
		{CF5E9504-3944-4E0B-B8C5-378C2D88FFCE}.Debug|x86.Build.0 = Debug|Any CPU
		{CF5E9504-3944-4E0B-B8C5-378C2D88FFCE}.Release|Any CPU.ActiveCfg = Release|Any CPU
		{CF5E9504-3944-4E0B-B8C5-378C2D88FFCE}.Release|Any CPU.Build.0 = Release|Any CPU
		{CF5E9504-3944-4E0B-B8C5-378C2D88FFCE}.Release|x64.ActiveCfg = Release|Any CPU
		{CF5E9504-3944-4E0B-B8C5-378C2D88FFCE}.Release|x64.Build.0 = Release|Any CPU
		{CF5E9504-3944-4E0B-B8C5-378C2D88FFCE}.Release|x86.ActiveCfg = Release|Any CPU
		{CF5E9504-3944-4E0B-B8C5-378C2D88FFCE}.Release|x86.Build.0 = Release|Any CPU
		{D627B684-0C5D-4C19-9EF4-977BAC2C2085}.Debug|Any CPU.ActiveCfg = Debug|Any CPU
		{D627B684-0C5D-4C19-9EF4-977BAC2C2085}.Debug|Any CPU.Build.0 = Debug|Any CPU
		{D627B684-0C5D-4C19-9EF4-977BAC2C2085}.Debug|x64.ActiveCfg = Debug|Any CPU
		{D627B684-0C5D-4C19-9EF4-977BAC2C2085}.Debug|x64.Build.0 = Debug|Any CPU
		{D627B684-0C5D-4C19-9EF4-977BAC2C2085}.Debug|x86.ActiveCfg = Debug|Any CPU
		{D627B684-0C5D-4C19-9EF4-977BAC2C2085}.Debug|x86.Build.0 = Debug|Any CPU
		{D627B684-0C5D-4C19-9EF4-977BAC2C2085}.Release|Any CPU.ActiveCfg = Release|Any CPU
		{D627B684-0C5D-4C19-9EF4-977BAC2C2085}.Release|Any CPU.Build.0 = Release|Any CPU
		{D627B684-0C5D-4C19-9EF4-977BAC2C2085}.Release|x64.ActiveCfg = Release|Any CPU
		{D627B684-0C5D-4C19-9EF4-977BAC2C2085}.Release|x64.Build.0 = Release|Any CPU
		{D627B684-0C5D-4C19-9EF4-977BAC2C2085}.Release|x86.ActiveCfg = Release|Any CPU
		{D627B684-0C5D-4C19-9EF4-977BAC2C2085}.Release|x86.Build.0 = Release|Any CPU
		{0AF2D213-BD43-4C06-AA83-CB616399637F}.Debug|Any CPU.ActiveCfg = Debug|Any CPU
		{0AF2D213-BD43-4C06-AA83-CB616399637F}.Debug|Any CPU.Build.0 = Debug|Any CPU
		{0AF2D213-BD43-4C06-AA83-CB616399637F}.Debug|x64.ActiveCfg = Debug|Any CPU
		{0AF2D213-BD43-4C06-AA83-CB616399637F}.Debug|x64.Build.0 = Debug|Any CPU
		{0AF2D213-BD43-4C06-AA83-CB616399637F}.Debug|x86.ActiveCfg = Debug|Any CPU
		{0AF2D213-BD43-4C06-AA83-CB616399637F}.Debug|x86.Build.0 = Debug|Any CPU
		{0AF2D213-BD43-4C06-AA83-CB616399637F}.Release|Any CPU.ActiveCfg = Release|Any CPU
		{0AF2D213-BD43-4C06-AA83-CB616399637F}.Release|Any CPU.Build.0 = Release|Any CPU
		{0AF2D213-BD43-4C06-AA83-CB616399637F}.Release|x64.ActiveCfg = Release|Any CPU
		{0AF2D213-BD43-4C06-AA83-CB616399637F}.Release|x64.Build.0 = Release|Any CPU
		{0AF2D213-BD43-4C06-AA83-CB616399637F}.Release|x86.ActiveCfg = Release|Any CPU
		{0AF2D213-BD43-4C06-AA83-CB616399637F}.Release|x86.Build.0 = Release|Any CPU
	EndGlobalSection
	GlobalSection(NestedProjects) = preSolution
		{BEB9F12A-00AA-4841-981F-C14C05CF5928} = {95989642-30D8-41BE-A631-AE5E0D5F4F61}
		{CF5E9504-3944-4E0B-B8C5-378C2D88FFCE} = {95989642-30D8-41BE-A631-AE5E0D5F4F61}
		{D627B684-0C5D-4C19-9EF4-977BAC2C2085} = {A83C9D36-07C3-493B-A51B-B5FE29010DE0}
		{0AF2D213-BD43-4C06-AA83-CB616399637F} = {A83C9D36-07C3-493B-A51B-B5FE29010DE0}
	EndGlobalSection
EndGlobal
